
Microsoft Visual Studio Solution File, Format Version 12.00
# Visual Studio Version 16
VisualStudioVersion = 16.0.30204.135
MinimumVisualStudioVersion = 10.0.40219.1
Project("{9A19103F-16F7-4668-BE54-9A1E7A4F7556}") = "Edvido.Integrations.Parasut", "Edvido.Integrations.Parasut\Edvido.Integrations.Parasut.csproj", "{B41C9B4B-98E9-4D7E-ACB5-C2FFD09E6987}"
EndProject
Project("{9A19103F-16F7-4668-BE54-9A1E7A4F7556}") = "Edvido.Integrations.Parasut.Terminal", "Edvido.Integrations.Parasut.Terminal\Edvido.Integrations.Parasut.Terminal.csproj", "{0F1696F4-C72A-4665-9D47-D33B749F4E6B}"
EndProject
Global
	GlobalSection(SolutionConfigurationPlatforms) = preSolution
		Debug|Any CPU = Debug|Any CPU
		Release|Any CPU = Release|Any CPU
	EndGlobalSection
	GlobalSection(ProjectConfigurationPlatforms) = postSolution
		{B41C9B4B-98E9-4D7E-ACB5-C2FFD09E6987}.Debug|Any CPU.ActiveCfg = Debug|Any CPU
		{B41C9B4B-98E9-4D7E-ACB5-C2FFD09E6987}.Debug|Any CPU.Build.0 = Debug|Any CPU
		{B41C9B4B-98E9-4D7E-ACB5-C2FFD09E6987}.Release|Any CPU.ActiveCfg = Release|Any CPU
		{B41C9B4B-98E9-4D7E-ACB5-C2FFD09E6987}.Release|Any CPU.Build.0 = Release|Any CPU
		{0F1696F4-C72A-4665-9D47-D33B749F4E6B}.Debug|Any CPU.ActiveCfg = Debug|Any CPU
		{0F1696F4-C72A-4665-9D47-D33B749F4E6B}.Debug|Any CPU.Build.0 = Debug|Any CPU
		{0F1696F4-C72A-4665-9D47-D33B749F4E6B}.Release|Any CPU.ActiveCfg = Release|Any CPU
		{0F1696F4-C72A-4665-9D47-D33B749F4E6B}.Release|Any CPU.Build.0 = Release|Any CPU
	EndGlobalSection
	GlobalSection(SolutionProperties) = preSolution
		HideSolutionNode = FALSE
	EndGlobalSection
	GlobalSection(ExtensibilityGlobals) = postSolution
		SolutionGuid = {9B4C4842-51C5-4435-A940-780AF53F0BE6}
	EndGlobalSection
EndGlobal
